// !$*UTF8*$!
{
	archiveVersion = 1;
	classes = {
	};
	objectVersion = 46;
	objects = {

/* Begin PBXBuildFile section */
		588979F1187E48E000EBF40D /* main.m in Sources */ = {isa = PBXBuildFile; fileRef = 58E4530F187E09C900ECEAD3 /* main.m */; };
		588979F2187E497C00EBF40D /* Credits.rtf in Resources */ = {isa = PBXBuildFile; fileRef = 58E4533B187E0C8300ECEAD3 /* Credits.rtf */; };
		588979F3187E4B5100EBF40D /* MainMenu.xib in Resources */ = {isa = PBXBuildFile; fileRef = 588979EB187E45D000EBF40D /* MainMenu.xib */; };
		58E45304187E09C900ECEAD3 /* Cocoa.framework in Frameworks */ = {isa = PBXBuildFile; fileRef = 58E45303187E09C900ECEAD3 /* Cocoa.framework */; };
		58E4530E187E09C900ECEAD3 /* InfoPlist.strings in Resources */ = {isa = PBXBuildFile; fileRef = 58E4530C187E09C900ECEAD3 /* InfoPlist.strings */; };
		58E45317187E09C900ECEAD3 /* MainAppDelegate.m in Sources */ = {isa = PBXBuildFile; fileRef = 58E45316187E09C900ECEAD3 /* MainAppDelegate.m */; };
		58E4531C187E09C900ECEAD3 /* Images.xcassets in Resources */ = {isa = PBXBuildFile; fileRef = 58E4531B187E09C900ECEAD3 /* Images.xcassets */; };
		58E45339187E0B1B00ECEAD3 /* AVFoundation.framework in Frameworks */ = {isa = PBXBuildFile; fileRef = 58E45337187E0B1B00ECEAD3 /* AVFoundation.framework */; };
		58E4533A187E0B1B00ECEAD3 /* AVKit.framework in Frameworks */ = {isa = PBXBuildFile; fileRef = 58E45338187E0B1B00ECEAD3 /* AVKit.framework */; };
		58E4533F187E0C8300ECEAD3 /* effect_sound.aiff in Resources */ = {isa = PBXBuildFile; fileRef = 58E4533C187E0C8300ECEAD3 /* effect_sound.aiff */; };
		58E45340187E0C8300ECEAD3 /* stars2.mov in Resources */ = {isa = PBXBuildFile; fileRef = 58E4533D187E0C8300ECEAD3 /* stars2.mov */; };
		58E45342187E0EFE00ECEAD3 /* CoreMedia.framework in Frameworks */ = {isa = PBXBuildFile; fileRef = 58E45341187E0EFE00ECEAD3 /* CoreMedia.framework */; };
		58E45345187E100000ECEAD3 /* UKBorderlessWindow.m in Sources */ = {isa = PBXBuildFile; fileRef = 58E45344187E100000ECEAD3 /* UKBorderlessWindow.m */; };
		58E45347187E27E700ECEAD3 /* Mega Man.icns in Resources */ = {isa = PBXBuildFile; fileRef = 58E45346187E27E700ECEAD3 /* Mega Man.icns */; };
		58E4534D187E3A9300ECEAD3 /* strip.png in Resources */ = {isa = PBXBuildFile; fileRef = 58E4534C187E3A9300ECEAD3 /* strip.png */; };
/* End PBXBuildFile section */

/* Begin PBXFileReference section */
		588979EC187E45D000EBF40D /* Base */ = {isa = PBXFileReference; lastKnownFileType = file.xib; name = Base; path = Base.lproj/MainMenu.xib; sourceTree = "<group>"; };
		58E45300187E09C900ECEAD3 /* MegaManEffect.app */ = {isa = PBXFileReference; explicitFileType = wrapper.application; includeInIndex = 0; path = MegaManEffect.app; sourceTree = BUILT_PRODUCTS_DIR; };
		58E45303187E09C900ECEAD3 /* Cocoa.framework */ = {isa = PBXFileReference; lastKnownFileType = wrapper.framework; name = Cocoa.framework; path = System/Library/Frameworks/Cocoa.framework; sourceTree = SDKROOT; };
		58E45306187E09C900ECEAD3 /* AppKit.framework */ = {isa = PBXFileReference; lastKnownFileType = wrapper.framework; name = AppKit.framework; path = System/Library/Frameworks/AppKit.framework; sourceTree = SDKROOT; };
		58E45307187E09C900ECEAD3 /* CoreData.framework */ = {isa = PBXFileReference; lastKnownFileType = wrapper.framework; name = CoreData.framework; path = System/Library/Frameworks/CoreData.framework; sourceTree = SDKROOT; };
		58E45308187E09C900ECEAD3 /* Foundation.framework */ = {isa = PBXFileReference; lastKnownFileType = wrapper.framework; name = Foundation.framework; path = System/Library/Frameworks/Foundation.framework; sourceTree = SDKROOT; };
		58E4530B187E09C900ECEAD3 /* MegaManEffect-Info.plist */ = {isa = PBXFileReference; lastKnownFileType = text.plist; path = "MegaManEffect-Info.plist"; sourceTree = "<group>"; };
		58E4530D187E09C900ECEAD3 /* en */ = {isa = PBXFileReference; lastKnownFileType = text.plist.strings; name = en; path = en.lproj/InfoPlist.strings; sourceTree = "<group>"; };
		58E4530F187E09C900ECEAD3 /* main.m */ = {isa = PBXFileReference; lastKnownFileType = sourcecode.c.objc; path = main.m; sourceTree = "<group>"; };
		58E45311187E09C900ECEAD3 /* MegaManEffect-Prefix.pch */ = {isa = PBXFileReference; lastKnownFileType = sourcecode.c.h; path = "MegaManEffect-Prefix.pch"; sourceTree = "<group>"; };
		58E45315187E09C900ECEAD3 /* MainAppDelegate.h */ = {isa = PBXFileReference; lastKnownFileType = sourcecode.c.h; path = MainAppDelegate.h; sourceTree = "<group>"; };
		58E45316187E09C900ECEAD3 /* MainAppDelegate.m */ = {isa = PBXFileReference; lastKnownFileType = sourcecode.c.objc; path = MainAppDelegate.m; sourceTree = "<group>"; };
		58E4531B187E09C900ECEAD3 /* Images.xcassets */ = {isa = PBXFileReference; lastKnownFileType = folder.assetcatalog; path = Images.xcassets; sourceTree = "<group>"; };
		58E45337187E0B1B00ECEAD3 /* AVFoundation.framework */ = {isa = PBXFileReference; lastKnownFileType = wrapper.framework; name = AVFoundation.framework; path = System/Library/Frameworks/AVFoundation.framework; sourceTree = SDKROOT; };
		58E45338187E0B1B00ECEAD3 /* AVKit.framework */ = {isa = PBXFileReference; lastKnownFileType = wrapper.framework; name = AVKit.framework; path = System/Library/Frameworks/AVKit.framework; sourceTree = SDKROOT; };
		58E4533B187E0C8300ECEAD3 /* Credits.rtf */ = {isa = PBXFileReference; fileEncoding = 4; lastKnownFileType = text.rtf; path = Credits.rtf; sourceTree = "<group>"; };
		58E4533C187E0C8300ECEAD3 /* effect_sound.aiff */ = {isa = PBXFileReference; lastKnownFileType = audio.aiff; path = effect_sound.aiff; sourceTree = "<group>"; };
		58E4533D187E0C8300ECEAD3 /* stars2.mov */ = {isa = PBXFileReference; lastKnownFileType = video.quicktime; path = stars2.mov; sourceTree = "<group>"; };
		58E45341187E0EFE00ECEAD3 /* CoreMedia.framework */ = {isa = PBXFileReference; lastKnownFileType = wrapper.framework; name = CoreMedia.framework; path = System/Library/Frameworks/CoreMedia.framework; sourceTree = SDKROOT; };
		58E45343187E100000ECEAD3 /* UKBorderlessWindow.h */ = {isa = PBXFileReference; fileEncoding = 4; lastKnownFileType = sourcecode.c.h; path = UKBorderlessWindow.h; sourceTree = "<group>"; };
		58E45344187E100000ECEAD3 /* UKBorderlessWindow.m */ = {isa = PBXFileReference; fileEncoding = 4; lastKnownFileType = sourcecode.c.objc; path = UKBorderlessWindow.m; sourceTree = "<group>"; };
		58E45346187E27E700ECEAD3 /* Mega Man.icns */ = {isa = PBXFileReference; lastKnownFileType = image.icns; path = "Mega Man.icns"; sourceTree = "<group>"; };
		58E4534C187E3A9300ECEAD3 /* strip.png */ = {isa = PBXFileReference; lastKnownFileType = image.png; path = strip.png; sourceTree = "<group>"; };
/* End PBXFileReference section */

/* Begin PBXFrameworksBuildPhase section */
		58E452FD187E09C900ECEAD3 /* Frameworks */ = {
			isa = PBXFrameworksBuildPhase;
			buildActionMask = 2147483647;
			files = (
				58E45342187E0EFE00ECEAD3 /* CoreMedia.framework in Frameworks */,
				58E45339187E0B1B00ECEAD3 /* AVFoundation.framework in Frameworks */,
				58E4533A187E0B1B00ECEAD3 /* AVKit.framework in Frameworks */,
				58E45304187E09C900ECEAD3 /* Cocoa.framework in Frameworks */,
			);
			runOnlyForDeploymentPostprocessing = 0;
		};
/* End PBXFrameworksBuildPhase section */

/* Begin PBXGroup section */
		58E452F7187E09C900ECEAD3 = {
			isa = PBXGroup;
			children = (
				58E45343187E100000ECEAD3 /* UKBorderlessWindow.h */,
				58E45344187E100000ECEAD3 /* UKBorderlessWindow.m */,
				58E45315187E09C900ECEAD3 /* MainAppDelegate.h */,
				58E45316187E09C900ECEAD3 /* MainAppDelegate.m */,
				58E4530F187E09C900ECEAD3 /* main.m */,
				588979EB187E45D000EBF40D /* MainMenu.xib */,
				58E4531B187E09C900ECEAD3 /* Images.xcassets */,
				58E4530A187E09C900ECEAD3 /* Supporting Files */,
				58E45302187E09C900ECEAD3 /* Frameworks */,
				58E45301187E09C900ECEAD3 /* Products */,
			);
			sourceTree = "<group>";
		};
		58E45301187E09C900ECEAD3 /* Products */ = {
			isa = PBXGroup;
			children = (
				58E45300187E09C900ECEAD3 /* MegaManEffect.app */,
			);
			name = Products;
			sourceTree = "<group>";
		};
		58E45302187E09C900ECEAD3 /* Frameworks */ = {
			isa = PBXGroup;
			children = (
				58E45341187E0EFE00ECEAD3 /* CoreMedia.framework */,
				58E45337187E0B1B00ECEAD3 /* AVFoundation.framework */,
				58E45338187E0B1B00ECEAD3 /* AVKit.framework */,
				58E45303187E09C900ECEAD3 /* Cocoa.framework */,
				58E45305187E09C900ECEAD3 /* Other Frameworks */,
			);
			name = Frameworks;
			sourceTree = "<group>";
		};
		58E45305187E09C900ECEAD3 /* Other Frameworks */ = {
			isa = PBXGroup;
			children = (
				58E45306187E09C900ECEAD3 /* AppKit.framework */,
				58E45307187E09C900ECEAD3 /* CoreData.framework */,
				58E45308187E09C900ECEAD3 /* Foundation.framework */,
			);
			name = "Other Frameworks";
			sourceTree = "<group>";
		};
		58E4530A187E09C900ECEAD3 /* Supporting Files */ = {
			isa = PBXGroup;
			children = (
				58E4534C187E3A9300ECEAD3 /* strip.png */,
				58E45346187E27E700ECEAD3 /* Mega Man.icns */,
				58E4533B187E0C8300ECEAD3 /* Credits.rtf */,
				58E4533C187E0C8300ECEAD3 /* effect_sound.aiff */,
				58E4533D187E0C8300ECEAD3 /* stars2.mov */,
				58E4530B187E09C900ECEAD3 /* MegaManEffect-Info.plist */,
				58E4530C187E09C900ECEAD3 /* InfoPlist.strings */,
				58E45311187E09C900ECEAD3 /* MegaManEffect-Prefix.pch */,
			);
			name = "Supporting Files";
			sourceTree = "<group>";
		};
/* End PBXGroup section */

/* Begin PBXNativeTarget section */
		58E452FF187E09C900ECEAD3 /* MegaManEffect */ = {
			isa = PBXNativeTarget;
			buildConfigurationList = 58E45331187E09C900ECEAD3 /* Build configuration list for PBXNativeTarget "MegaManEffect" */;
			buildPhases = (
				58E452FC187E09C900ECEAD3 /* Sources */,
				58E452FD187E09C900ECEAD3 /* Frameworks */,
				58E452FE187E09C900ECEAD3 /* Resources */,
			);
			buildRules = (
			);
			dependencies = (
			);
			name = MegaManEffect;
			productName = MegaManEffect;
			productReference = 58E45300187E09C900ECEAD3 /* MegaManEffect.app */;
			productType = "com.apple.product-type.application";
		};
/* End PBXNativeTarget section */

/* Begin PBXProject section */
		58E452F8187E09C900ECEAD3 /* Project object */ = {
			isa = PBXProject;
			attributes = {
				CLASSPREFIX = com.dandyspaniels;
				LastUpgradeCheck = 0500;
				ORGANIZATIONNAME = "Robert Smith";
			};
			buildConfigurationList = 58E452FB187E09C900ECEAD3 /* Build configuration list for PBXProject "MegaManEffect" */;
			compatibilityVersion = "Xcode 3.2";
			developmentRegion = English;
			hasScannedForEncodings = 0;
			knownRegions = (
				en,
				Base,
			);
			mainGroup = 58E452F7187E09C900ECEAD3;
			productRefGroup = 58E45301187E09C900ECEAD3 /* Products */;
			projectDirPath = "";
			projectRoot = "";
			targets = (
				58E452FF187E09C900ECEAD3 /* MegaManEffect */,
			);
		};
/* End PBXProject section */

/* Begin PBXResourcesBuildPhase section */
		58E452FE187E09C900ECEAD3 /* Resources */ = {
			isa = PBXResourcesBuildPhase;
			buildActionMask = 2147483647;
			files = (
				588979F3187E4B5100EBF40D /* MainMenu.xib in Resources */,
				588979F2187E497C00EBF40D /* Credits.rtf in Resources */,
				58E45347187E27E700ECEAD3 /* Mega Man.icns in Resources */,
				58E45340187E0C8300ECEAD3 /* stars2.mov in Resources */,
				58E4530E187E09C900ECEAD3 /* InfoPlist.strings in Resources */,
				58E4531C187E09C900ECEAD3 /* Images.xcassets in Resources */,
				58E4533F187E0C8300ECEAD3 /* effect_sound.aiff in Resources */,
				58E4534D187E3A9300ECEAD3 /* strip.png in Resources */,
			);
			runOnlyForDeploymentPostprocessing = 0;
		};
/* End PBXResourcesBuildPhase section */

/* Begin PBXSourcesBuildPhase section */
		58E452FC187E09C900ECEAD3 /* Sources */ = {
			isa = PBXSourcesBuildPhase;
			buildActionMask = 2147483647;
			files = (
				588979F1187E48E000EBF40D /* main.m in Sources */,
				58E45317187E09C900ECEAD3 /* MainAppDelegate.m in Sources */,
				58E45345187E100000ECEAD3 /* UKBorderlessWindow.m in Sources */,
			);
			runOnlyForDeploymentPostprocessing = 0;
		};
/* End PBXSourcesBuildPhase section */

/* Begin PBXVariantGroup section */
		588979EB187E45D000EBF40D /* MainMenu.xib */ = {
			isa = PBXVariantGroup;
			children = (
				588979EC187E45D000EBF40D /* Base */,
			);
			name = MainMenu.xib;
			sourceTree = "<group>";
		};
		58E4530C187E09C900ECEAD3 /* InfoPlist.strings */ = {
			isa = PBXVariantGroup;
			children = (
				58E4530D187E09C900ECEAD3 /* en */,
			);
			name = InfoPlist.strings;
			sourceTree = "<group>";
		};
/* End PBXVariantGroup section */

/* Begin XCBuildConfiguration section */
		58E4532F187E09C900ECEAD3 /* Debug */ = {
			isa = XCBuildConfiguration;
			buildSettings = {
				ALWAYS_SEARCH_USER_PATHS = NO;
				CLANG_CXX_LANGUAGE_STANDARD = "gnu++0x";
				CLANG_CXX_LIBRARY = "libc++";
				CLANG_ENABLE_OBJC_ARC = YES;
				CLANG_WARN_BOOL_CONVERSION = YES;
				CLANG_WARN_CONSTANT_CONVERSION = YES;
				CLANG_WARN_DIRECT_OBJC_ISA_USAGE = YES_ERROR;
				CLANG_WARN_EMPTY_BODY = YES;
				CLANG_WARN_ENUM_CONVERSION = YES;
				CLANG_WARN_INT_CONVERSION = YES;
				CLANG_WARN_OBJC_ROOT_CLASS = YES_ERROR;
				CLANG_WARN__DUPLICATE_METHOD_MATCH = YES;
				COPY_PHASE_STRIP = NO;
				GCC_C_LANGUAGE_STANDARD = gnu99;
				GCC_DYNAMIC_NO_PIC = NO;
				GCC_ENABLE_OBJC_EXCEPTIONS = YES;
				GCC_OPTIMIZATION_LEVEL = 0;
				GCC_PREPROCESSOR_DEFINITIONS = (
					"DEBUG=1",
					"$(inherited)",
				);
				GCC_SYMBOLS_PRIVATE_EXTERN = NO;
				GCC_WARN_64_TO_32_BIT_CONVERSION = YES;
				GCC_WARN_ABOUT_RETURN_TYPE = YES_ERROR;
				GCC_WARN_UNDECLARED_SELECTOR = YES;
				GCC_WARN_UNINITIALIZED_AUTOS = YES;
				GCC_WARN_UNUSED_FUNCTION = YES;
				GCC_WARN_UNUSED_VARIABLE = YES;
				MACOSX_DEPLOYMENT_TARGET = 10.9;
				ONLY_ACTIVE_ARCH = YES;
				SDKROOT = macosx;
			};
			name = Debug;
		};
		58E45330187E09C900ECEAD3 /* Release */ = {
			isa = XCBuildConfiguration;
			buildSettings = {
				ALWAYS_SEARCH_USER_PATHS = NO;
				CLANG_CXX_LANGUAGE_STANDARD = "gnu++0x";
				CLANG_CXX_LIBRARY = "libc++";
				CLANG_ENABLE_OBJC_ARC = YES;
				CLANG_WARN_BOOL_CONVERSION = YES;
				CLANG_WARN_CONSTANT_CONVERSION = YES;
				CLANG_WARN_DIRECT_OBJC_ISA_USAGE = YES_ERROR;
				CLANG_WARN_EMPTY_BODY = YES;
				CLANG_WARN_ENUM_CONVERSION = YES;
				CLANG_WARN_INT_CONVERSION = YES;
				CLANG_WARN_OBJC_ROOT_CLASS = YES_ERROR;
				CLANG_WARN__DUPLICATE_METHOD_MATCH = YES;
				COPY_PHASE_STRIP = YES;
				DEBUG_INFORMATION_FORMAT = "dwarf-with-dsym";
				ENABLE_NS_ASSERTIONS = NO;
				GCC_C_LANGUAGE_STANDARD = gnu99;
				GCC_ENABLE_OBJC_EXCEPTIONS = YES;
				GCC_WARN_64_TO_32_BIT_CONVERSION = YES;
				GCC_WARN_ABOUT_RETURN_TYPE = YES_ERROR;
				GCC_WARN_UNDECLARED_SELECTOR = YES;
				GCC_WARN_UNINITIALIZED_AUTOS = YES;
				GCC_WARN_UNUSED_FUNCTION = YES;
				GCC_WARN_UNUSED_VARIABLE = YES;
				MACOSX_DEPLOYMENT_TARGET = 10.9;
				SDKROOT = macosx;
			};
			name = Release;
		};
		58E45332187E09C900ECEAD3 /* Debug */ = {
			isa = XCBuildConfiguration;
			buildSettings = {
				ASSETCATALOG_COMPILER_APPICON_NAME = AppIcon;
				COMBINE_HIDPI_IMAGES = YES;
				GCC_PRECOMPILE_PREFIX_HEADER = YES;
				GCC_PREFIX_HEADER = "MegaManEffect-Prefix.pch";
				INFOPLIST_FILE = "MegaManEffect-Info.plist";
				PRODUCT_NAME = "$(TARGET_NAME)";
				WRAPPER_EXTENSION = app;
			};
			name = Debug;
		};
		58E45333187E09C900ECEAD3 /* Release */ = {
			isa = XCBuildConfiguration;
			buildSettings = {
				ASSETCATALOG_COMPILER_APPICON_NAME = AppIcon;
				COMBINE_HIDPI_IMAGES = YES;
				GCC_PRECOMPILE_PREFIX_HEADER = YES;
				GCC_PREFIX_HEADER = "MegaManEffect-Prefix.pch";
				INFOPLIST_FILE = "MegaManEffect-Info.plist";
				PRODUCT_NAME = "$(TARGET_NAME)";
				WRAPPER_EXTENSION = app;
			};
			name = Release;
		};
/* End XCBuildConfiguration section */

/* Begin XCConfigurationList section */
		58E452FB187E09C900ECEAD3 /* Build configuration list for PBXProject "MegaManEffect" */ = {
			isa = XCConfigurationList;
			buildConfigurations = (
				58E4532F187E09C900ECEAD3 /* Debug */,
				58E45330187E09C900ECEAD3 /* Release */,
			);
			defaultConfigurationIsVisible = 0;
			defaultConfigurationName = Release;
		};
		58E45331187E09C900ECEAD3 /* Build configuration list for PBXNativeTarget "MegaManEffect" */ = {
			isa = XCConfigurationList;
			buildConfigurations = (
				58E45332187E09C900ECEAD3 /* Debug */,
				58E45333187E09C900ECEAD3 /* Release */,
			);
			defaultConfigurationIsVisible = 0;
			defaultConfigurationName = Release;
		};
/* End XCConfigurationList section */
	};
	rootObject = 58E452F8187E09C900ECEAD3 /* Project object */;
}
